{
  "name": "test-extension",
  "version": "1.0.0",
  "lockfileVersion": 2,
  "requires": true,
  "packages": {
    "": {
      "name": "test-extension",
      "version": "1.0.0",
      "license": "ISC",
      "devDependencies": {
        "chrome-types": "^0.1.232"
      }
    },
    "node_modules/chrome-types": {
      "version": "0.1.232",
      "resolved": "https://registry.npmjs.org/chrome-types/-/chrome-types-0.1.232.tgz",
      "integrity": "sha512-3yTPyuiIOKPC/YjQt2nFgdup5rAcmt4GMoBvJryXk9PfMceKT20IOWwAjCs1314gqpPO9TOaa5Qh4fx0WW0Uzg==",
      "dev": true
    }
  },
  "dependencies": {
    "chrome-types": {
      "version": "0.1.232",
      "resolved": "https://registry.npmjs.org/chrome-types/-/chrome-types-0.1.232.tgz",
      "integrity": "sha512-3yTPyuiIOKPC/YjQt2nFgdup5rAcmt4GMoBvJryXk9PfMceKT20IOWwAjCs1314gqpPO9TOaa5Qh4fx0WW0Uzg==",
      "dev": true
    }
  }
}
